{
  "name": "stemri",
  "version": "1.0.0",
  "lockfileVersion": 1,
  "requires": true,
  "dependencies": {
    "bulma": {
      "version": "0.7.2",
      "resolved": "https://registry.npmjs.org/bulma/-/bulma-0.7.2.tgz",
      "integrity": "sha512-6JHEu8U/1xsyOst/El5ImLcZIiE2JFXgvrz8GGWbnDLwTNRPJzdAM0aoUM1Ns0avALcVb6KZz9NhzmU53dGDcQ=="
    },
    "bulma-extensions": {
      "version": "4.0.1",
      "resolved": "https://registry.npmjs.org/bulma-extensions/-/bulma-extensions-4.0.1.tgz",
      "integrity": "sha512-gyn8OXlZWWRyOEh1Do1oKzZj3BuPFzruBK6tPhDs13cxPF539P7jvK+LVttQQPUIRq5B2WCjR/JaZmXSPxKg1g=="
    }
  }
}
